{
    "name": "new-site",
    "lockfileVersion": 3,
    "requires": true,
    "packages": {
        "": {
            "hasInstallScript": true,
            "dependencies": {
                "wonder-image": "latest"
            }
        },
        "node_modules/wonder-image": {
            "version": "2.1.2-alpha.4",
            "resolved": "https://registry.npmjs.org/wonder-image/-/wonder-image-2.1.2-alpha.4.tgz",
            "integrity": "sha512-Uei/QE/R2S6UtUSUzDC1sRbnbUH0PhLXMTFJIlW69/VxLrj7VKoJoqvuZlozBqNe0OXjK8etP0ZT8G1hxHUhFQ==",
            "license": "ISC",
            "engines": {
                "node": ">=20"
            }
        }
    }
}
